Microsoft Visual Studio Solution File, Format Version 12.00
Project("{2150E333-8FDC-42A3-9474-1A3956D46DE8}") = "Frontend", "Frontend", "{1D7FB5BE-5FAF-4FD5-AECB-7547BDED7C9A}"
EndProject
Project("{2150E333-8FDC-42A3-9474-1A3956D46DE8}") = "GameEngine", "GameEngine", "{A4DE8A72-B2ED-4139-A2DA-1BC6F78272BC}"
EndProject
Project("{2150E333-8FDC-42A3-9474-1A3956D46DE8}") = "App", "App", "{18CBAAF7-43F4-487A-AF51-D3E67E96CE86}"
EndProject
Project("{2150E333-8FDC-42A3-9474-1A3956D46DE8}") = "Client", "Client", "{0B38BB9E-B9A4-48F3-A70C-91B0F0488BC2}"
EndProject
Project("{FAE04EC0-301F-11D3-BF4B-00C04F79EFBC}") = "PmSim.Frontend.Client", "Frontend\Client\PmSim.Frontend.Client\PmSim.Frontend.Client.csproj", "{22CC13B9-8FF6-42F8-B9D3-30F1FA5C5341}"
EndProject
Project("{FAE04EC0-301F-11D3-BF4B-00C04F79EFBC}") = "PmSim.Frontend.App", "Frontend\App\PmSim.Frontend.App\PmSim.Frontend.App\PmSim.Frontend.App.csproj", "{5D0A5674-EF7B-48A2-AA5F-617E0EECA902}"
EndProject
Project("{FAE04EC0-301F-11D3-BF4B-00C04F79EFBC}") = "PmSim.Frontend.App.Desktop", "Frontend\App\PmSim.Frontend.App\PmSim.Frontend.App.Desktop\PmSim.Frontend.App.Desktop.csproj", "{9FA8481D-B154-4003-B279-8FC47FC73968}"
EndProject
Project("{2150E333-8FDC-42A3-9474-1A3956D46DE8}") = "Shared", "Shared", "{02FFE301-E25B-4B43-A629-358FCD07611F}"
EndProject
Project("{2150E333-8FDC-42A3-9474-1A3956D46DE8}") = "projects", "projects", "{FF872A7A-FCCA-46DE-B970-72E359D826DF}"
EndProject
Project("{2150E333-8FDC-42A3-9474-1A3956D46DE8}") = "tests", "tests", "{236B146E-465F-4468-A763-8A040CBFF7B7}"
EndProject
Project("{2150E333-8FDC-42A3-9474-1A3956D46DE8}") = "Contracts", "Contracts", "{02CCCE65-CA44-4FDB-8C0C-D8179EA5FBE1}"
EndProject
Project("{FAE04EC0-301F-11D3-BF4B-00C04F79EFBC}") = "PmSim.Shared.Contracts", "Shared\projects\Contracts\PmSim.Shared.Contracts\PmSim.Shared.Contracts.csproj", "{96663EEB-6633-4764-808B-935FBEFCFB92}"
EndProject
Project("{FAE04EC0-301F-11D3-BF4B-00C04F79EFBC}") = "PmSim.Shared.GameEngine", "Shared\projects\GameEngine\PmSim.Shared.GameEngine\PmSim.Shared.GameEngine.csproj", "{3D57ED28-8046-4C39-805A-7821AD3B125A}"
EndProject
Project("{FAE04EC0-301F-11D3-BF4B-00C04F79EFBC}") = "PmSim.Frontend.App.Android", "Frontend\App\PmSim.Frontend.App\PmSim.Frontend.App.Android\PmSim.Frontend.App.Android.csproj", "{0D9B7214-2542-4F57-8EE6-BEF96C93E576}"
EndProject
Project("{FAE04EC0-301F-11D3-BF4B-00C04F79EFBC}") = "PmSim.Frontend.App.Web", "Frontend\App\PmSim.Frontend.App\PmSim.Frontend.App.Web\PmSim.Frontend.App.Web.csproj", "{E19BA431-63EB-4EBD-9FDC-F8DC8621CBA3}"
EndProject
Project("{FAE04EC0-301F-11D3-BF4B-00C04F79EFBC}") = "PmSim.Frontend.Client.ExternalApi", "Frontend\Client\PmSim.Frontend.Client.ExternalApi\PmSim.Frontend.Client.ExternalApi.csproj", "{7A44BCDB-0890-4B60-8F54-E2A9C5B5B7D7}"
EndProject
Project("{2150E333-8FDC-42A3-9474-1A3956D46DE8}") = "Backend", "Backend", "{84EBC044-BAD7-4186-93BA-E677CE4AF51A}"
EndProject
Project("{2150E333-8FDC-42A3-9474-1A3956D46DE8}") = "Gateway", "Gateway", "{48D6FF3C-5B36-4F33-A01D-6B86995D6C46}"
EndProject
Project("{2150E333-8FDC-42A3-9474-1A3956D46DE8}") = "GameProcessor", "GameProcessor", "{C160F36C-6ED4-47D9-8A10-9DD8D79FB272}"
EndProject
Project("{2150E333-8FDC-42A3-9474-1A3956D46DE8}") = "DatabaseManager", "DatabaseManager", "{26F539BC-4417-4A94-B175-AC2704D4EDAB}"
EndProject
Project("{FAE04EC0-301F-11D3-BF4B-00C04F79EFBC}") = "PmSim.Backend.DatabaseManager", "Backend\DatabaseManager\PmSim.Backend.DatabaseManager\PmSim.Backend.DatabaseManager.csproj", "{E28185F1-DDD4-4D19-990A-077D6A0D9F7F}"
EndProject
Project("{FAE04EC0-301F-11D3-BF4B-00C04F79EFBC}") = "PmSim.Backend.GameProcessor", "Backend\GameProcessor\PmSim.Backend.GameProcessor\PmSim.Backend.GameProcessor.csproj", "{A92DC164-8183-44D4-9EFC-1C437458C824}"
EndProject
Project("{FAE04EC0-301F-11D3-BF4B-00C04F79EFBC}") = "PmSim.Backend.Gateway", "Backend\Gateway\PmSim.Backend.Gateway\PmSim.Backend.Gateway.csproj", "{7E6010A3-F823-4836-9689-1CF02EDD81BE}"
EndProject
Global
	GlobalSection(SolutionConfigurationPlatforms) = preSolution
		Debug|Any CPU = Debug|Any CPU
		Release|Any CPU = Release|Any CPU
	EndGlobalSection
	GlobalSection(NestedProjects) = preSolution
		{18CBAAF7-43F4-487A-AF51-D3E67E96CE86} = {1D7FB5BE-5FAF-4FD5-AECB-7547BDED7C9A}
		{0B38BB9E-B9A4-48F3-A70C-91B0F0488BC2} = {1D7FB5BE-5FAF-4FD5-AECB-7547BDED7C9A}
		{22CC13B9-8FF6-42F8-B9D3-30F1FA5C5341} = {0B38BB9E-B9A4-48F3-A70C-91B0F0488BC2}
		{5D0A5674-EF7B-48A2-AA5F-617E0EECA902} = {18CBAAF7-43F4-487A-AF51-D3E67E96CE86}
		{9FA8481D-B154-4003-B279-8FC47FC73968} = {18CBAAF7-43F4-487A-AF51-D3E67E96CE86}
		{FF872A7A-FCCA-46DE-B970-72E359D826DF} = {02FFE301-E25B-4B43-A629-358FCD07611F}
		{A4DE8A72-B2ED-4139-A2DA-1BC6F78272BC} = {FF872A7A-FCCA-46DE-B970-72E359D826DF}
		{236B146E-465F-4468-A763-8A040CBFF7B7} = {02FFE301-E25B-4B43-A629-358FCD07611F}
		{02CCCE65-CA44-4FDB-8C0C-D8179EA5FBE1} = {FF872A7A-FCCA-46DE-B970-72E359D826DF}
		{96663EEB-6633-4764-808B-935FBEFCFB92} = {02CCCE65-CA44-4FDB-8C0C-D8179EA5FBE1}
		{3D57ED28-8046-4C39-805A-7821AD3B125A} = {A4DE8A72-B2ED-4139-A2DA-1BC6F78272BC}
		{0D9B7214-2542-4F57-8EE6-BEF96C93E576} = {18CBAAF7-43F4-487A-AF51-D3E67E96CE86}
		{E19BA431-63EB-4EBD-9FDC-F8DC8621CBA3} = {18CBAAF7-43F4-487A-AF51-D3E67E96CE86}
		{7A44BCDB-0890-4B60-8F54-E2A9C5B5B7D7} = {0B38BB9E-B9A4-48F3-A70C-91B0F0488BC2}
		{48D6FF3C-5B36-4F33-A01D-6B86995D6C46} = {84EBC044-BAD7-4186-93BA-E677CE4AF51A}
		{C160F36C-6ED4-47D9-8A10-9DD8D79FB272} = {84EBC044-BAD7-4186-93BA-E677CE4AF51A}
		{26F539BC-4417-4A94-B175-AC2704D4EDAB} = {84EBC044-BAD7-4186-93BA-E677CE4AF51A}
		{E28185F1-DDD4-4D19-990A-077D6A0D9F7F} = {26F539BC-4417-4A94-B175-AC2704D4EDAB}
		{A92DC164-8183-44D4-9EFC-1C437458C824} = {C160F36C-6ED4-47D9-8A10-9DD8D79FB272}
		{7E6010A3-F823-4836-9689-1CF02EDD81BE} = {48D6FF3C-5B36-4F33-A01D-6B86995D6C46}
	EndGlobalSection
	GlobalSection(ProjectConfigurationPlatforms) = postSolution
		{22CC13B9-8FF6-42F8-B9D3-30F1FA5C5341}.Debug|Any CPU.ActiveCfg = Debug|Any CPU
		{22CC13B9-8FF6-42F8-B9D3-30F1FA5C5341}.Debug|Any CPU.Build.0 = Debug|Any CPU
		{22CC13B9-8FF6-42F8-B9D3-30F1FA5C5341}.Release|Any CPU.ActiveCfg = Release|Any CPU
		{22CC13B9-8FF6-42F8-B9D3-30F1FA5C5341}.Release|Any CPU.Build.0 = Release|Any CPU
		{5D0A5674-EF7B-48A2-AA5F-617E0EECA902}.Debug|Any CPU.ActiveCfg = Debug|Any CPU
		{5D0A5674-EF7B-48A2-AA5F-617E0EECA902}.Debug|Any CPU.Build.0 = Debug|Any CPU
		{5D0A5674-EF7B-48A2-AA5F-617E0EECA902}.Release|Any CPU.ActiveCfg = Release|Any CPU
		{5D0A5674-EF7B-48A2-AA5F-617E0EECA902}.Release|Any CPU.Build.0 = Release|Any CPU
		{9FA8481D-B154-4003-B279-8FC47FC73968}.Debug|Any CPU.ActiveCfg = Debug|Any CPU
		{9FA8481D-B154-4003-B279-8FC47FC73968}.Debug|Any CPU.Build.0 = Debug|Any CPU
		{9FA8481D-B154-4003-B279-8FC47FC73968}.Release|Any CPU.ActiveCfg = Release|Any CPU
		{9FA8481D-B154-4003-B279-8FC47FC73968}.Release|Any CPU.Build.0 = Release|Any CPU
		{96663EEB-6633-4764-808B-935FBEFCFB92}.Debug|Any CPU.ActiveCfg = Debug|Any CPU
		{96663EEB-6633-4764-808B-935FBEFCFB92}.Debug|Any CPU.Build.0 = Debug|Any CPU
		{96663EEB-6633-4764-808B-935FBEFCFB92}.Release|Any CPU.ActiveCfg = Release|Any CPU
		{96663EEB-6633-4764-808B-935FBEFCFB92}.Release|Any CPU.Build.0 = Release|Any CPU
		{3D57ED28-8046-4C39-805A-7821AD3B125A}.Debug|Any CPU.ActiveCfg = Debug|Any CPU
		{3D57ED28-8046-4C39-805A-7821AD3B125A}.Debug|Any CPU.Build.0 = Debug|Any CPU
		{3D57ED28-8046-4C39-805A-7821AD3B125A}.Release|Any CPU.ActiveCfg = Release|Any CPU
		{3D57ED28-8046-4C39-805A-7821AD3B125A}.Release|Any CPU.Build.0 = Release|Any CPU
		{0D9B7214-2542-4F57-8EE6-BEF96C93E576}.Debug|Any CPU.ActiveCfg = Debug|Any CPU
		{0D9B7214-2542-4F57-8EE6-BEF96C93E576}.Debug|Any CPU.Build.0 = Debug|Any CPU
		{0D9B7214-2542-4F57-8EE6-BEF96C93E576}.Release|Any CPU.ActiveCfg = Release|Any CPU
		{0D9B7214-2542-4F57-8EE6-BEF96C93E576}.Release|Any CPU.Build.0 = Release|Any CPU
		{E19BA431-63EB-4EBD-9FDC-F8DC8621CBA3}.Debug|Any CPU.ActiveCfg = Debug|Any CPU
		{E19BA431-63EB-4EBD-9FDC-F8DC8621CBA3}.Debug|Any CPU.Build.0 = Debug|Any CPU
		{E19BA431-63EB-4EBD-9FDC-F8DC8621CBA3}.Release|Any CPU.ActiveCfg = Release|Any CPU
		{E19BA431-63EB-4EBD-9FDC-F8DC8621CBA3}.Release|Any CPU.Build.0 = Release|Any CPU
		{7A44BCDB-0890-4B60-8F54-E2A9C5B5B7D7}.Debug|Any CPU.ActiveCfg = Debug|Any CPU
		{7A44BCDB-0890-4B60-8F54-E2A9C5B5B7D7}.Debug|Any CPU.Build.0 = Debug|Any CPU
		{7A44BCDB-0890-4B60-8F54-E2A9C5B5B7D7}.Release|Any CPU.ActiveCfg = Release|Any CPU
		{7A44BCDB-0890-4B60-8F54-E2A9C5B5B7D7}.Release|Any CPU.Build.0 = Release|Any CPU
		{E28185F1-DDD4-4D19-990A-077D6A0D9F7F}.Debug|Any CPU.ActiveCfg = Debug|Any CPU
		{E28185F1-DDD4-4D19-990A-077D6A0D9F7F}.Debug|Any CPU.Build.0 = Debug|Any CPU
		{E28185F1-DDD4-4D19-990A-077D6A0D9F7F}.Release|Any CPU.ActiveCfg = Release|Any CPU
		{E28185F1-DDD4-4D19-990A-077D6A0D9F7F}.Release|Any CPU.Build.0 = Release|Any CPU
		{A92DC164-8183-44D4-9EFC-1C437458C824}.Debug|Any CPU.ActiveCfg = Debug|Any CPU
		{A92DC164-8183-44D4-9EFC-1C437458C824}.Debug|Any CPU.Build.0 = Debug|Any CPU
		{A92DC164-8183-44D4-9EFC-1C437458C824}.Release|Any CPU.ActiveCfg = Release|Any CPU
		{A92DC164-8183-44D4-9EFC-1C437458C824}.Release|Any CPU.Build.0 = Release|Any CPU
		{7E6010A3-F823-4836-9689-1CF02EDD81BE}.Debug|Any CPU.ActiveCfg = Debug|Any CPU
		{7E6010A3-F823-4836-9689-1CF02EDD81BE}.Debug|Any CPU.Build.0 = Debug|Any CPU
		{7E6010A3-F823-4836-9689-1CF02EDD81BE}.Release|Any CPU.ActiveCfg = Release|Any CPU
		{7E6010A3-F823-4836-9689-1CF02EDD81BE}.Release|Any CPU.Build.0 = Release|Any CPU
	EndGlobalSection
EndGlobal
