


Microsoft Visual Studio Solution File, Format Version 12.00
Project("{2150E333-8FDC-42A3-9474-1A3956D46DE8}") = "Backend", "Backend", "{0533A71F-EFD5-4EE3-B5B2-5E274AF72C9A}"
EndProject
Project("{2150E333-8FDC-42A3-9474-1A3956D46DE8}") = "Frontend", "Frontend", "{1D7FB5BE-5FAF-4FD5-AECB-7547BDED7C9A}"
EndProject
Project("{2150E333-8FDC-42A3-9474-1A3956D46DE8}") = "GameEngine", "GameEngine", "{A4DE8A72-B2ED-4139-A2DA-1BC6F78272BC}"
EndProject
Project("{2150E333-8FDC-42A3-9474-1A3956D46DE8}") = "Gateway", "Gateway", "{5461CC4A-9F32-4492-912A-50D46EC6090E}"
EndProject
Project("{2150E333-8FDC-42A3-9474-1A3956D46DE8}") = "App", "App", "{18CBAAF7-43F4-487A-AF51-D3E67E96CE86}"
EndProject
Project("{2150E333-8FDC-42A3-9474-1A3956D46DE8}") = "Client", "Client", "{0B38BB9E-B9A4-48F3-A70C-91B0F0488BC2}"
EndProject
Project("{FAE04EC0-301F-11D3-BF4B-00C04F79EFBC}") = "PmSim.Frontend.Client", "Frontend\Client\PmSim.Frontend.Client\PmSim.Frontend.Client.csproj", "{22CC13B9-8FF6-42F8-B9D3-30F1FA5C5341}"
EndProject
Project("{FAE04EC0-301F-11D3-BF4B-00C04F79EFBC}") = "PmSim.Frontend.App", "Frontend\App\PmSim.Frontend.App\PmSim.Frontend.App\PmSim.Frontend.App.csproj", "{5D0A5674-EF7B-48A2-AA5F-617E0EECA902}"
EndProject
Project("{FAE04EC0-301F-11D3-BF4B-00C04F79EFBC}") = "PmSim.Frontend.App.Desktop", "Frontend\App\PmSim.Frontend.App\PmSim.Frontend.App.Desktop\PmSim.Frontend.App.Desktop.csproj", "{9FA8481D-B154-4003-B279-8FC47FC73968}"
EndProject
Project("{2150E333-8FDC-42A3-9474-1A3956D46DE8}") = "Shared", "Shared", "{02FFE301-E25B-4B43-A629-358FCD07611F}"
EndProject
Project("{2150E333-8FDC-42A3-9474-1A3956D46DE8}") = "projects", "projects", "{FF872A7A-FCCA-46DE-B970-72E359D826DF}"
EndProject
Project("{2150E333-8FDC-42A3-9474-1A3956D46DE8}") = "tests", "tests", "{236B146E-465F-4468-A763-8A040CBFF7B7}"
EndProject
Project("{2150E333-8FDC-42A3-9474-1A3956D46DE8}") = "Contracts", "Contracts", "{02CCCE65-CA44-4FDB-8C0C-D8179EA5FBE1}"
EndProject
Project("{FAE04EC0-301F-11D3-BF4B-00C04F79EFBC}") = "PmSim.Backend.Gateway", "Backend\Gateway\PmSim.Backend.Gateway\PmSim.Backend.Gateway.csproj", "{A5D8BBE2-7900-4059-91C2-3DDA0466D82F}"
EndProject
Project("{FAE04EC0-301F-11D3-BF4B-00C04F79EFBC}") = "PmSim.Shared.Contracts", "Shared\projects\Contracts\PmSim.Shared.Contracts\PmSim.Shared.Contracts.csproj", "{96663EEB-6633-4764-808B-935FBEFCFB92}"
EndProject
Project("{FAE04EC0-301F-11D3-BF4B-00C04F79EFBC}") = "PmSim.Shared.GameEngine", "Shared\projects\GameEngine\PmSim.Shared.GameEngine\PmSim.Shared.GameEngine.csproj", "{3D57ED28-8046-4C39-805A-7821AD3B125A}"
EndProject
Project("{2150E333-8FDC-42A3-9474-1A3956D46DE8}") = "tTest", "tTest", "{736A4A21-6657-4C4C-A486-895EB2DD964E}"
EndProject
Global
	GlobalSection(SolutionConfigurationPlatforms) = preSolution
		Debug|Any CPU = Debug|Any CPU
		Release|Any CPU = Release|Any CPU
	EndGlobalSection
	GlobalSection(NestedProjects) = preSolution
		{18CBAAF7-43F4-487A-AF51-D3E67E96CE86} = {1D7FB5BE-5FAF-4FD5-AECB-7547BDED7C9A}
		{0B38BB9E-B9A4-48F3-A70C-91B0F0488BC2} = {1D7FB5BE-5FAF-4FD5-AECB-7547BDED7C9A}
		{22CC13B9-8FF6-42F8-B9D3-30F1FA5C5341} = {0B38BB9E-B9A4-48F3-A70C-91B0F0488BC2}
		{5D0A5674-EF7B-48A2-AA5F-617E0EECA902} = {18CBAAF7-43F4-487A-AF51-D3E67E96CE86}
		{9FA8481D-B154-4003-B279-8FC47FC73968} = {18CBAAF7-43F4-487A-AF51-D3E67E96CE86}
		{FF872A7A-FCCA-46DE-B970-72E359D826DF} = {02FFE301-E25B-4B43-A629-358FCD07611F}
		{A4DE8A72-B2ED-4139-A2DA-1BC6F78272BC} = {FF872A7A-FCCA-46DE-B970-72E359D826DF}
		{5461CC4A-9F32-4492-912A-50D46EC6090E} = {0533A71F-EFD5-4EE3-B5B2-5E274AF72C9A}
		{236B146E-465F-4468-A763-8A040CBFF7B7} = {02FFE301-E25B-4B43-A629-358FCD07611F}
		{02CCCE65-CA44-4FDB-8C0C-D8179EA5FBE1} = {FF872A7A-FCCA-46DE-B970-72E359D826DF}
		{A5D8BBE2-7900-4059-91C2-3DDA0466D82F} = {5461CC4A-9F32-4492-912A-50D46EC6090E}
		{96663EEB-6633-4764-808B-935FBEFCFB92} = {02CCCE65-CA44-4FDB-8C0C-D8179EA5FBE1}
		{3D57ED28-8046-4C39-805A-7821AD3B125A} = {A4DE8A72-B2ED-4139-A2DA-1BC6F78272BC}
		{736A4A21-6657-4C4C-A486-895EB2DD964E} = {1D7FB5BE-5FAF-4FD5-AECB-7547BDED7C9A}
	EndGlobalSection
	GlobalSection(ProjectConfigurationPlatforms) = postSolution
		{22CC13B9-8FF6-42F8-B9D3-30F1FA5C5341}.Debug|Any CPU.ActiveCfg = Debug|Any CPU
		{22CC13B9-8FF6-42F8-B9D3-30F1FA5C5341}.Debug|Any CPU.Build.0 = Debug|Any CPU
		{22CC13B9-8FF6-42F8-B9D3-30F1FA5C5341}.Release|Any CPU.ActiveCfg = Release|Any CPU
		{22CC13B9-8FF6-42F8-B9D3-30F1FA5C5341}.Release|Any CPU.Build.0 = Release|Any CPU
		{5D0A5674-EF7B-48A2-AA5F-617E0EECA902}.Debug|Any CPU.ActiveCfg = Debug|Any CPU
		{5D0A5674-EF7B-48A2-AA5F-617E0EECA902}.Debug|Any CPU.Build.0 = Debug|Any CPU
		{5D0A5674-EF7B-48A2-AA5F-617E0EECA902}.Release|Any CPU.ActiveCfg = Release|Any CPU
		{5D0A5674-EF7B-48A2-AA5F-617E0EECA902}.Release|Any CPU.Build.0 = Release|Any CPU
		{9FA8481D-B154-4003-B279-8FC47FC73968}.Debug|Any CPU.ActiveCfg = Debug|Any CPU
		{9FA8481D-B154-4003-B279-8FC47FC73968}.Debug|Any CPU.Build.0 = Debug|Any CPU
		{9FA8481D-B154-4003-B279-8FC47FC73968}.Release|Any CPU.ActiveCfg = Release|Any CPU
		{9FA8481D-B154-4003-B279-8FC47FC73968}.Release|Any CPU.Build.0 = Release|Any CPU
		{A5D8BBE2-7900-4059-91C2-3DDA0466D82F}.Debug|Any CPU.ActiveCfg = Debug|Any CPU
		{A5D8BBE2-7900-4059-91C2-3DDA0466D82F}.Debug|Any CPU.Build.0 = Debug|Any CPU
		{A5D8BBE2-7900-4059-91C2-3DDA0466D82F}.Release|Any CPU.ActiveCfg = Release|Any CPU
		{A5D8BBE2-7900-4059-91C2-3DDA0466D82F}.Release|Any CPU.Build.0 = Release|Any CPU
		{96663EEB-6633-4764-808B-935FBEFCFB92}.Debug|Any CPU.ActiveCfg = Debug|Any CPU
		{96663EEB-6633-4764-808B-935FBEFCFB92}.Debug|Any CPU.Build.0 = Debug|Any CPU
		{96663EEB-6633-4764-808B-935FBEFCFB92}.Release|Any CPU.ActiveCfg = Release|Any CPU
		{96663EEB-6633-4764-808B-935FBEFCFB92}.Release|Any CPU.Build.0 = Release|Any CPU
		{3D57ED28-8046-4C39-805A-7821AD3B125A}.Debug|Any CPU.ActiveCfg = Debug|Any CPU
		{3D57ED28-8046-4C39-805A-7821AD3B125A}.Debug|Any CPU.Build.0 = Debug|Any CPU
		{3D57ED28-8046-4C39-805A-7821AD3B125A}.Release|Any CPU.ActiveCfg = Release|Any CPU
		{3D57ED28-8046-4C39-805A-7821AD3B125A}.Release|Any CPU.Build.0 = Release|Any CPU
	EndGlobalSection
EndGlobal
