
Microsoft Visual Studio Solution File, Format Version 12.00
Project("{FAE04EC0-301F-11D3-BF4B-00C04F79EFBC}") = "StartupSim.Backend.GameEngine", "Backend\projects\GameEngine\StartupSim.Backend.GameEngine\StartupSim.Backend.GameEngine.csproj", "{18EB835C-F4D7-462B-874D-A739130E1A1E}"
EndProject
Project("{2150E333-8FDC-42A3-9474-1A3956D46DE8}") = "Backend", "Backend", "{10ADA33D-207F-4229-9CC5-654B3B5C213F}"
EndProject
Project("{2150E333-8FDC-42A3-9474-1A3956D46DE8}") = "projects", "projects", "{61875929-25B3-476A-86A6-0CFD37502A01}"
EndProject
Project("{2150E333-8FDC-42A3-9474-1A3956D46DE8}") = "tests", "tests", "{A4123381-9024-4614-9314-98C95F5D06E5}"
EndProject
Project("{2150E333-8FDC-42A3-9474-1A3956D46DE8}") = "GameEngine", "GameEngine", "{E01030E8-DF43-4F7B-A63D-9B10299755EE}"
EndProject
Project("{2150E333-8FDC-42A3-9474-1A3956D46DE8}") = "Gateway", "Gateway", "{61F14913-9BC1-4DE2-8BF4-08BC295E6F36}"
EndProject
Project("{FAE04EC0-301F-11D3-BF4B-00C04F79EFBC}") = "StartupSim.Backend.Gateway.Client", "Backend\projects\Gateway\StartupSim.Backend.Gateway.Client\StartupSim.Backend.Gateway.Client.csproj", "{CDD2866A-9864-494C-9781-F62B03D7D958}"
EndProject
Project("{FAE04EC0-301F-11D3-BF4B-00C04F79EFBC}") = "StartupSim.Backend.Gateway.Contracts", "Backend\projects\Gateway\StartupSim.Backend.Gateway.Contracts\StartupSim.Backend.Gateway.Contracts.csproj", "{D043C133-96D0-4EEF-8347-862109F9D9E8}"
EndProject
Project("{2150E333-8FDC-42A3-9474-1A3956D46DE8}") = "Frontend", "Frontend", "{B39CA0A8-EDD7-4770-B1F4-2D027BAFEBAF}"
EndProject
Project("{2150E333-8FDC-42A3-9474-1A3956D46DE8}") = "Domain", "Domain", "{3BAD4C98-CDCF-43FC-BBF3-22A26D92662A}"
EndProject
Project("{2150E333-8FDC-42A3-9474-1A3956D46DE8}") = "DesktopApp", "DesktopApp", "{142E5790-103C-4383-BB03-6EEBCDE567F3}"
EndProject
Project("{FAE04EC0-301F-11D3-BF4B-00C04F79EFBC}") = "StartupSim.Frontend.Domain", "Frontend\Domain\StartupSim.Frontend.Domain\StartupSim.Frontend.Domain.csproj", "{C0EF5870-0A6D-49F1-83ED-43A40C842BBF}"
EndProject
Global
	GlobalSection(SolutionConfigurationPlatforms) = preSolution
		Debug|Any CPU = Debug|Any CPU
		Release|Any CPU = Release|Any CPU
	EndGlobalSection
	GlobalSection(ProjectConfigurationPlatforms) = postSolution
		{18EB835C-F4D7-462B-874D-A739130E1A1E}.Debug|Any CPU.ActiveCfg = Debug|Any CPU
		{18EB835C-F4D7-462B-874D-A739130E1A1E}.Debug|Any CPU.Build.0 = Debug|Any CPU
		{18EB835C-F4D7-462B-874D-A739130E1A1E}.Release|Any CPU.ActiveCfg = Release|Any CPU
		{18EB835C-F4D7-462B-874D-A739130E1A1E}.Release|Any CPU.Build.0 = Release|Any CPU
		{CDD2866A-9864-494C-9781-F62B03D7D958}.Debug|Any CPU.ActiveCfg = Debug|Any CPU
		{CDD2866A-9864-494C-9781-F62B03D7D958}.Debug|Any CPU.Build.0 = Debug|Any CPU
		{CDD2866A-9864-494C-9781-F62B03D7D958}.Release|Any CPU.ActiveCfg = Release|Any CPU
		{CDD2866A-9864-494C-9781-F62B03D7D958}.Release|Any CPU.Build.0 = Release|Any CPU
		{D043C133-96D0-4EEF-8347-862109F9D9E8}.Debug|Any CPU.ActiveCfg = Debug|Any CPU
		{D043C133-96D0-4EEF-8347-862109F9D9E8}.Debug|Any CPU.Build.0 = Debug|Any CPU
		{D043C133-96D0-4EEF-8347-862109F9D9E8}.Release|Any CPU.ActiveCfg = Release|Any CPU
		{D043C133-96D0-4EEF-8347-862109F9D9E8}.Release|Any CPU.Build.0 = Release|Any CPU
		{C0EF5870-0A6D-49F1-83ED-43A40C842BBF}.Debug|Any CPU.ActiveCfg = Debug|Any CPU
		{C0EF5870-0A6D-49F1-83ED-43A40C842BBF}.Debug|Any CPU.Build.0 = Debug|Any CPU
		{C0EF5870-0A6D-49F1-83ED-43A40C842BBF}.Release|Any CPU.ActiveCfg = Release|Any CPU
		{C0EF5870-0A6D-49F1-83ED-43A40C842BBF}.Release|Any CPU.Build.0 = Release|Any CPU
	EndGlobalSection
	GlobalSection(NestedProjects) = preSolution
		{61875929-25B3-476A-86A6-0CFD37502A01} = {10ADA33D-207F-4229-9CC5-654B3B5C213F}
		{A4123381-9024-4614-9314-98C95F5D06E5} = {10ADA33D-207F-4229-9CC5-654B3B5C213F}
		{E01030E8-DF43-4F7B-A63D-9B10299755EE} = {61875929-25B3-476A-86A6-0CFD37502A01}
		{61F14913-9BC1-4DE2-8BF4-08BC295E6F36} = {61875929-25B3-476A-86A6-0CFD37502A01}
		{18EB835C-F4D7-462B-874D-A739130E1A1E} = {E01030E8-DF43-4F7B-A63D-9B10299755EE}
		{CDD2866A-9864-494C-9781-F62B03D7D958} = {61F14913-9BC1-4DE2-8BF4-08BC295E6F36}
		{D043C133-96D0-4EEF-8347-862109F9D9E8} = {61F14913-9BC1-4DE2-8BF4-08BC295E6F36}
		{3BAD4C98-CDCF-43FC-BBF3-22A26D92662A} = {B39CA0A8-EDD7-4770-B1F4-2D027BAFEBAF}
		{142E5790-103C-4383-BB03-6EEBCDE567F3} = {B39CA0A8-EDD7-4770-B1F4-2D027BAFEBAF}
		{C0EF5870-0A6D-49F1-83ED-43A40C842BBF} = {3BAD4C98-CDCF-43FC-BBF3-22A26D92662A}
	EndGlobalSection
EndGlobal
