
Microsoft Visual Studio Solution File, Format Version 12.00
Project("{FAE04EC0-301F-11D3-BF4B-00C04F79EFBC}") = "PmSim.Backend.Gateway", "PmSim.Backend.Gateway\PmSim.Backend.Gateway.csproj", "{3354D85A-D047-4647-8510-AAFC6A489A6A}"
EndProject
Global
	GlobalSection(SolutionConfigurationPlatforms) = preSolution
		Debug|Any CPU = Debug|Any CPU
		Release|Any CPU = Release|Any CPU
	EndGlobalSection
	GlobalSection(ProjectConfigurationPlatforms) = postSolution
		{3354D85A-D047-4647-8510-AAFC6A489A6A}.Debug|Any CPU.ActiveCfg = Debug|Any CPU
		{3354D85A-D047-4647-8510-AAFC6A489A6A}.Debug|Any CPU.Build.0 = Debug|Any CPU
		{3354D85A-D047-4647-8510-AAFC6A489A6A}.Release|Any CPU.ActiveCfg = Release|Any CPU
		{3354D85A-D047-4647-8510-AAFC6A489A6A}.Release|Any CPU.Build.0 = Release|Any CPU
	EndGlobalSection
EndGlobal
