Microsoft Visual Studio Solution File, Format Version 12.00
# Visual Studio 2012
Project("{FAE04EC0-301F-11D3-BF4B-00C04F79EFBC}") = "StartupSim.Frontend.DesktopApp", "StartupSim.Frontend.DesktopApp.csproj", "{CC0CBAC7-6577-42D4-9B3E-B23309FDCBF5}"
EndProject
Global
	GlobalSection(SolutionConfigurationPlatforms) = preSolution
	Debug|Any CPU = Debug|Any CPU
	ExportDebug|Any CPU = ExportDebug|Any CPU
	ExportRelease|Any CPU = ExportRelease|Any CPU
	EndGlobalSection
	GlobalSection(ProjectConfigurationPlatforms) = postSolution
		{CC0CBAC7-6577-42D4-9B3E-B23309FDCBF5}.Debug|Any CPU.ActiveCfg = Debug|Any CPU
		{CC0CBAC7-6577-42D4-9B3E-B23309FDCBF5}.Debug|Any CPU.Build.0 = Debug|Any CPU
		{CC0CBAC7-6577-42D4-9B3E-B23309FDCBF5}.ExportDebug|Any CPU.ActiveCfg = ExportDebug|Any CPU
		{CC0CBAC7-6577-42D4-9B3E-B23309FDCBF5}.ExportDebug|Any CPU.Build.0 = ExportDebug|Any CPU
		{CC0CBAC7-6577-42D4-9B3E-B23309FDCBF5}.ExportRelease|Any CPU.ActiveCfg = ExportRelease|Any CPU
		{CC0CBAC7-6577-42D4-9B3E-B23309FDCBF5}.ExportRelease|Any CPU.Build.0 = ExportRelease|Any CPU
	EndGlobalSection
EndGlobal
